
Microsoft Visual Studio Solution File, Format Version 12.00
# Visual Studio 2015
Project("{FAE04EC0-301F-11D3-BF4B-00C04F79EFBC}") = "Pixel.CSharp", "Pixel.CSharp.csproj", "{2DBAA57C-98A7-D9E0-696C-3085219DE9D8}"
EndProject
Global
	GlobalSection(SolutionConfigurationPlatforms) = preSolution
		Debug|Any CPU = Debug|Any CPU
		Release|Any CPU = Release|Any CPU
	EndGlobalSection
	GlobalSection(ProjectConfigurationPlatforms) = postSolution
		{2DBAA57C-98A7-D9E0-696C-3085219DE9D8}.Debug|Any CPU.ActiveCfg = Debug|Any CPU
		{2DBAA57C-98A7-D9E0-696C-3085219DE9D8}.Debug|Any CPU.Build.0 = Debug|Any CPU
		{2DBAA57C-98A7-D9E0-696C-3085219DE9D8}.Release|Any CPU.ActiveCfg = Release|Any CPU
		{2DBAA57C-98A7-D9E0-696C-3085219DE9D8}.Release|Any CPU.Build.0 = Release|Any CPU
	EndGlobalSection
	GlobalSection(SolutionProperties) = preSolution
		HideSolutionNode = FALSE
	EndGlobalSection
EndGlobal
